{
  "version": 1,
  "dependencies": {
    "net10.0": {
      "System.Security.Cryptography.ProtectedData": {
        "type": "Transitive",
        "resolved": "10.0.12",
        "contentHash": "wO0W8VDMeRJZakRySOmemAnrBZMwEFRlbfBtATxUiLf2I3IhSRnCp1Vt157NWptdE4IJ7eftd5n8q9LtaKHFTQ=="
      },
      "recorder.core": {
        "type": "Project",
        "dependencies": {
          "System.Security.Cryptography.ProtectedData": "[10.0.12, )"
        }
      }
    }
  }
}